// !$*UTF8*$!
{
	archiveVersion = 1;
	classes = {
	};
	objectVersion = 56;
	objects = {

/* Begin PBXBuildFile section */
		4803766A2BD3FE390051ABA8 /* VerticalScrollingView.swift in Sources */ = {isa = PBXBuildFile; fileRef = 480376692BD3FE390051ABA8 /* VerticalScrollingView.swift */; };
		4803766C2BD4001E0051ABA8 /* WordModel.swift in Sources */ = {isa = PBXBuildFile; fileRef = 4803766B2BD4001E0051ABA8 /* WordModel.swift */; };
		4803766E2BD401BD0051ABA8 /* WordDetailsView.swift in Sources */ = {isa = PBXBuildFile; fileRef = 4803766D2BD401BD0051ABA8 /* WordDetailsView.swift */; };
		480376722BD4079F0051ABA8 /* AlertManager.swift in Sources */ = {isa = PBXBuildFile; fileRef = 480376712BD4079F0051ABA8 /* AlertManager.swift */; };
		480376742BD40B070051ABA8 /* AlertModalView.swift in Sources */ = {isa = PBXBuildFile; fileRef = 480376732BD40B070051ABA8 /* AlertModalView.swift */; };
		480376762BD40C520051ABA8 /* ModalContentView.swift in Sources */ = {isa = PBXBuildFile; fileRef = 480376752BD40C520051ABA8 /* ModalContentView.swift */; };
		4803767A2BD441570051ABA8 /* AlertModalWrapper.swift in Sources */ = {isa = PBXBuildFile; fileRef = 480376792BD441570051ABA8 /* AlertModalWrapper.swift */; };
		4803767C2BD47C700051ABA8 /* AlertModal.swift in Sources */ = {isa = PBXBuildFile; fileRef = 4803767B2BD47C700051ABA8 /* AlertModal.swift */; };
		480376802BD5982F0051ABA8 /* TabBarView.swift in Sources */ = {isa = PBXBuildFile; fileRef = 4803767F2BD5982F0051ABA8 /* TabBarView.swift */; };
		481100D22BD86A2C00AF45D4 /* movies_gradient_blur.gif in Resources */ = {isa = PBXBuildFile; fileRef = 481100CF2BD86A2C00AF45D4 /* movies_gradient_blur.gif */; };
		481100D32BD86A2C00AF45D4 /* vertical_scroll.gif in Resources */ = {isa = PBXBuildFile; fileRef = 481100D02BD86A2C00AF45D4 /* vertical_scroll.gif */; };
		481100D42BD86A2C00AF45D4 /* alert_modal.gif in Resources */ = {isa = PBXBuildFile; fileRef = 481100D12BD86A2C00AF45D4 /* alert_modal.gif */; };
		485E3C742BDDB21900997A56 /* TabItemModel.swift in Sources */ = {isa = PBXBuildFile; fileRef = 485E3C732BDDB21800997A56 /* TabItemModel.swift */; };
		485E3C762BDDB31C00997A56 /* TabButtonStyle.swift in Sources */ = {isa = PBXBuildFile; fileRef = 485E3C752BDDB31B00997A56 /* TabButtonStyle.swift */; };
		48D0A94C2B5DC86800E002FC /* swiftystuffApp.swift in Sources */ = {isa = PBXBuildFile; fileRef = 48D0A94B2B5DC86800E002FC /* swiftystuffApp.swift */; };
		48D0A94E2B5DC86800E002FC /* ContentView.swift in Sources */ = {isa = PBXBuildFile; fileRef = 48D0A94D2B5DC86800E002FC /* ContentView.swift */; };
		48D0A9502B5DC86A00E002FC /* Assets.xcassets in Resources */ = {isa = PBXBuildFile; fileRef = 48D0A94F2B5DC86A00E002FC /* Assets.xcassets */; };
		48D0A9532B5DC86A00E002FC /* Preview Assets.xcassets in Resources */ = {isa = PBXBuildFile; fileRef = 48D0A9522B5DC86A00E002FC /* Preview Assets.xcassets */; };
		48D0A9772B5DC9F800E002FC /* GradientBlurView.swift in Sources */ = {isa = PBXBuildFile; fileRef = 48D0A9762B5DC9F800E002FC /* GradientBlurView.swift */; };
		48D0A9792B5DCA1800E002FC /* Model.swift in Sources */ = {isa = PBXBuildFile; fileRef = 48D0A9782B5DCA1800E002FC /* Model.swift */; };
		48D0A97B2B5DCAE800E002FC /* MovieCardView.swift in Sources */ = {isa = PBXBuildFile; fileRef = 48D0A97A2B5DCAE800E002FC /* MovieCardView.swift */; };
		48D0A97D2B5DCBF500E002FC /* ProfileView.swift in Sources */ = {isa = PBXBuildFile; fileRef = 48D0A97C2B5DCBF500E002FC /* ProfileView.swift */; };
		48D0A97F2B5DCC5E00E002FC /* MovieDetailsView.swift in Sources */ = {isa = PBXBuildFile; fileRef = 48D0A97E2B5DCC5E00E002FC /* MovieDetailsView.swift */; };
		48D0A9812B5DCD7C00E002FC /* DetailsButton.swift in Sources */ = {isa = PBXBuildFile; fileRef = 48D0A9802B5DCD7C00E002FC /* DetailsButton.swift */; };
		48D186732BE67DB4000A70AD /* TabScrollContentView.swift in Sources */ = {isa = PBXBuildFile; fileRef = 48D186722BE67DB4000A70AD /* TabScrollContentView.swift */; };
		48D186752BE68342000A70AD /* TabButtonLabelsView.swift in Sources */ = {isa = PBXBuildFile; fileRef = 48D186742BE68342000A70AD /* TabButtonLabelsView.swift */; };
		48D186772BE6B1E4000A70AD /* TabBar.swift in Sources */ = {isa = PBXBuildFile; fileRef = 48D186762BE6B1E4000A70AD /* TabBar.swift */; };
		48D186792BE6B9AD000A70AD /* Tabs.swift in Sources */ = {isa = PBXBuildFile; fileRef = 48D186782BE6B9AD000A70AD /* Tabs.swift */; };
		48D1867B2BE6C02D000A70AD /* tab_bar.gif in Resources */ = {isa = PBXBuildFile; fileRef = 48D1867A2BE6C02D000A70AD /* tab_bar.gif */; };
/* End PBXBuildFile section */

/* Begin PBXFileReference section */
		480376692BD3FE390051ABA8 /* VerticalScrollingView.swift */ = {isa = PBXFileReference; lastKnownFileType = sourcecode.swift; path = VerticalScrollingView.swift; sourceTree = "<group>"; };
		4803766B2BD4001E0051ABA8 /* WordModel.swift */ = {isa = PBXFileReference; lastKnownFileType = sourcecode.swift; path = WordModel.swift; sourceTree = "<group>"; };
		4803766D2BD401BD0051ABA8 /* WordDetailsView.swift */ = {isa = PBXFileReference; lastKnownFileType = sourcecode.swift; path = WordDetailsView.swift; sourceTree = "<group>"; };
		480376712BD4079F0051ABA8 /* AlertManager.swift */ = {isa = PBXFileReference; lastKnownFileType = sourcecode.swift; path = AlertManager.swift; sourceTree = "<group>"; };
		480376732BD40B070051ABA8 /* AlertModalView.swift */ = {isa = PBXFileReference; lastKnownFileType = sourcecode.swift; path = AlertModalView.swift; sourceTree = "<group>"; };
		480376752BD40C520051ABA8 /* ModalContentView.swift */ = {isa = PBXFileReference; lastKnownFileType = sourcecode.swift; path = ModalContentView.swift; sourceTree = "<group>"; };
		480376792BD441570051ABA8 /* AlertModalWrapper.swift */ = {isa = PBXFileReference; lastKnownFileType = sourcecode.swift; path = AlertModalWrapper.swift; sourceTree = "<group>"; };
		4803767B2BD47C700051ABA8 /* AlertModal.swift */ = {isa = PBXFileReference; lastKnownFileType = sourcecode.swift; path = AlertModal.swift; sourceTree = "<group>"; };
		4803767F2BD5982F0051ABA8 /* TabBarView.swift */ = {isa = PBXFileReference; lastKnownFileType = sourcecode.swift; path = TabBarView.swift; sourceTree = "<group>"; };
		481100CF2BD86A2C00AF45D4 /* movies_gradient_blur.gif */ = {isa = PBXFileReference; lastKnownFileType = image.gif; path = movies_gradient_blur.gif; sourceTree = "<group>"; };
		481100D02BD86A2C00AF45D4 /* vertical_scroll.gif */ = {isa = PBXFileReference; lastKnownFileType = image.gif; path = vertical_scroll.gif; sourceTree = "<group>"; };
		481100D12BD86A2C00AF45D4 /* alert_modal.gif */ = {isa = PBXFileReference; lastKnownFileType = image.gif; path = alert_modal.gif; sourceTree = "<group>"; };
		485E3C732BDDB21800997A56 /* TabItemModel.swift */ = {isa = PBXFileReference; lastKnownFileType = sourcecode.swift; path = TabItemModel.swift; sourceTree = "<group>"; };
		485E3C752BDDB31B00997A56 /* TabButtonStyle.swift */ = {isa = PBXFileReference; lastKnownFileType = sourcecode.swift; path = TabButtonStyle.swift; sourceTree = "<group>"; };
		48D0A9482B5DC86800E002FC /* swiftystuff.app */ = {isa = PBXFileReference; explicitFileType = wrapper.application; includeInIndex = 0; path = swiftystuff.app; sourceTree = BUILT_PRODUCTS_DIR; };
		48D0A94B2B5DC86800E002FC /* swiftystuffApp.swift */ = {isa = PBXFileReference; lastKnownFileType = sourcecode.swift; path = swiftystuffApp.swift; sourceTree = "<group>"; };
		48D0A94D2B5DC86800E002FC /* ContentView.swift */ = {isa = PBXFileReference; lastKnownFileType = sourcecode.swift; path = ContentView.swift; sourceTree = "<group>"; };
		48D0A94F2B5DC86A00E002FC /* Assets.xcassets */ = {isa = PBXFileReference; lastKnownFileType = folder.assetcatalog; path = Assets.xcassets; sourceTree = "<group>"; };
		48D0A9522B5DC86A00E002FC /* Preview Assets.xcassets */ = {isa = PBXFileReference; lastKnownFileType = folder.assetcatalog; path = "Preview Assets.xcassets"; sourceTree = "<group>"; };
		48D0A9762B5DC9F800E002FC /* GradientBlurView.swift */ = {isa = PBXFileReference; lastKnownFileType = sourcecode.swift; path = GradientBlurView.swift; sourceTree = "<group>"; };
		48D0A9782B5DCA1800E002FC /* Model.swift */ = {isa = PBXFileReference; lastKnownFileType = sourcecode.swift; path = Model.swift; sourceTree = "<group>"; };
		48D0A97A2B5DCAE800E002FC /* MovieCardView.swift */ = {isa = PBXFileReference; lastKnownFileType = sourcecode.swift; path = MovieCardView.swift; sourceTree = "<group>"; };
		48D0A97C2B5DCBF500E002FC /* ProfileView.swift */ = {isa = PBXFileReference; lastKnownFileType = sourcecode.swift; path = ProfileView.swift; sourceTree = "<group>"; };
		48D0A97E2B5DCC5E00E002FC /* MovieDetailsView.swift */ = {isa = PBXFileReference; lastKnownFileType = sourcecode.swift; path = MovieDetailsView.swift; sourceTree = "<group>"; };
		48D0A9802B5DCD7C00E002FC /* DetailsButton.swift */ = {isa = PBXFileReference; lastKnownFileType = sourcecode.swift; path = DetailsButton.swift; sourceTree = "<group>"; };
		48D0A9822B5DDA2E00E002FC /* README.md */ = {isa = PBXFileReference; lastKnownFileType = net.daringfireball.markdown; path = README.md; sourceTree = "<group>"; };
		48D186722BE67DB4000A70AD /* TabScrollContentView.swift */ = {isa = PBXFileReference; lastKnownFileType = sourcecode.swift; path = TabScrollContentView.swift; sourceTree = "<group>"; };
		48D186742BE68342000A70AD /* TabButtonLabelsView.swift */ = {isa = PBXFileReference; lastKnownFileType = sourcecode.swift; path = TabButtonLabelsView.swift; sourceTree = "<group>"; };
		48D186762BE6B1E4000A70AD /* TabBar.swift */ = {isa = PBXFileReference; lastKnownFileType = sourcecode.swift; path = TabBar.swift; sourceTree = "<group>"; };
		48D186782BE6B9AD000A70AD /* Tabs.swift */ = {isa = PBXFileReference; lastKnownFileType = sourcecode.swift; path = Tabs.swift; sourceTree = "<group>"; };
		48D1867A2BE6C02D000A70AD /* tab_bar.gif */ = {isa = PBXFileReference; lastKnownFileType = image.gif; path = tab_bar.gif; sourceTree = "<group>"; };
/* End PBXFileReference section */

/* Begin PBXFrameworksBuildPhase section */
		48D0A9452B5DC86800E002FC /* Frameworks */ = {
			isa = PBXFrameworksBuildPhase;
			buildActionMask = 2147483647;
			files = (
			);
			runOnlyForDeploymentPostprocessing = 0;
		};
/* End PBXFrameworksBuildPhase section */

/* Begin PBXGroup section */
		480376662BD3F0020051ABA8 /* tabbar */ = {
			isa = PBXGroup;
			children = (
				4803767F2BD5982F0051ABA8 /* TabBarView.swift */,
				485E3C732BDDB21800997A56 /* TabItemModel.swift */,
				485E3C752BDDB31B00997A56 /* TabButtonStyle.swift */,
				48D186722BE67DB4000A70AD /* TabScrollContentView.swift */,
				48D186742BE68342000A70AD /* TabButtonLabelsView.swift */,
				48D186762BE6B1E4000A70AD /* TabBar.swift */,
				48D186782BE6B9AD000A70AD /* Tabs.swift */,
			);
			path = tabbar;
			sourceTree = "<group>";
		};
		480376672BD3F3410051ABA8 /* alertmodal */ = {
			isa = PBXGroup;
			children = (
				4803767B2BD47C700051ABA8 /* AlertModal.swift */,
				480376712BD4079F0051ABA8 /* AlertManager.swift */,
				480376732BD40B070051ABA8 /* AlertModalView.swift */,
				480376752BD40C520051ABA8 /* ModalContentView.swift */,
				480376792BD441570051ABA8 /* AlertModalWrapper.swift */,
			);
			path = alertmodal;
			sourceTree = "<group>";
		};
		480376682BD3FDEF0051ABA8 /* verticalscrollview */ = {
			isa = PBXGroup;
			children = (
				480376692BD3FE390051ABA8 /* VerticalScrollingView.swift */,
				4803766B2BD4001E0051ABA8 /* WordModel.swift */,
				4803766D2BD401BD0051ABA8 /* WordDetailsView.swift */,
			);
			path = verticalscrollview;
			sourceTree = "<group>";
		};
		481100CE2BD86A1A00AF45D4 /* demo */ = {
			isa = PBXGroup;
			children = (
				48D1867A2BE6C02D000A70AD /* tab_bar.gif */,
				481100D12BD86A2C00AF45D4 /* alert_modal.gif */,
				481100CF2BD86A2C00AF45D4 /* movies_gradient_blur.gif */,
				481100D02BD86A2C00AF45D4 /* vertical_scroll.gif */,
			);
			path = demo;
			sourceTree = "<group>";
		};
		48D0A93F2B5DC86800E002FC = {
			isa = PBXGroup;
			children = (
				481100CE2BD86A1A00AF45D4 /* demo */,
				48D0A9822B5DDA2E00E002FC /* README.md */,
				48D0A94A2B5DC86800E002FC /* swiftystuff */,
				48D0A9492B5DC86800E002FC /* Products */,
			);
			sourceTree = "<group>";
		};
		48D0A9492B5DC86800E002FC /* Products */ = {
			isa = PBXGroup;
			children = (
				48D0A9482B5DC86800E002FC /* swiftystuff.app */,
			);
			name = Products;
			sourceTree = "<group>";
		};
		48D0A94A2B5DC86800E002FC /* swiftystuff */ = {
			isa = PBXGroup;
			children = (
				480376682BD3FDEF0051ABA8 /* verticalscrollview */,
				480376672BD3F3410051ABA8 /* alertmodal */,
				480376662BD3F0020051ABA8 /* tabbar */,
				48D0A9752B5DC9BF00E002FC /* gradientblur */,
				48D0A94B2B5DC86800E002FC /* swiftystuffApp.swift */,
				48D0A94D2B5DC86800E002FC /* ContentView.swift */,
				48D0A94F2B5DC86A00E002FC /* Assets.xcassets */,
				48D0A9512B5DC86A00E002FC /* Preview Content */,
			);
			path = swiftystuff;
			sourceTree = "<group>";
		};
		48D0A9512B5DC86A00E002FC /* Preview Content */ = {
			isa = PBXGroup;
			children = (
				48D0A9522B5DC86A00E002FC /* Preview Assets.xcassets */,
			);
			path = "Preview Content";
			sourceTree = "<group>";
		};
		48D0A9752B5DC9BF00E002FC /* gradientblur */ = {
			isa = PBXGroup;
			children = (
				48D0A9762B5DC9F800E002FC /* GradientBlurView.swift */,
				48D0A9782B5DCA1800E002FC /* Model.swift */,
				48D0A97A2B5DCAE800E002FC /* MovieCardView.swift */,
				48D0A97C2B5DCBF500E002FC /* ProfileView.swift */,
				48D0A97E2B5DCC5E00E002FC /* MovieDetailsView.swift */,
				48D0A9802B5DCD7C00E002FC /* DetailsButton.swift */,
			);
			path = gradientblur;
			sourceTree = "<group>";
		};
/* End PBXGroup section */

/* Begin PBXNativeTarget section */
		48D0A9472B5DC86800E002FC /* swiftystuff */ = {
			isa = PBXNativeTarget;
			buildConfigurationList = 48D0A96C2B5DC86A00E002FC /* Build configuration list for PBXNativeTarget "swiftystuff" */;
			buildPhases = (
				48D0A9442B5DC86800E002FC /* Sources */,
				48D0A9452B5DC86800E002FC /* Frameworks */,
				48D0A9462B5DC86800E002FC /* Resources */,
			);
			buildRules = (
			);
			dependencies = (
			);
			name = swiftystuff;
			productName = swiftystuff;
			productReference = 48D0A9482B5DC86800E002FC /* swiftystuff.app */;
			productType = "com.apple.product-type.application";
		};
/* End PBXNativeTarget section */

/* Begin PBXProject section */
		48D0A9402B5DC86800E002FC /* Project object */ = {
			isa = PBXProject;
			attributes = {
				BuildIndependentTargetsInParallel = 1;
				LastSwiftUpdateCheck = 1500;
				LastUpgradeCheck = 1500;
				TargetAttributes = {
					48D0A9472B5DC86800E002FC = {
						CreatedOnToolsVersion = 15.0;
					};
				};
			};
			buildConfigurationList = 48D0A9432B5DC86800E002FC /* Build configuration list for PBXProject "swiftystuff" */;
			compatibilityVersion = "Xcode 14.0";
			developmentRegion = en;
			hasScannedForEncodings = 0;
			knownRegions = (
				en,
				Base,
			);
			mainGroup = 48D0A93F2B5DC86800E002FC;
			productRefGroup = 48D0A9492B5DC86800E002FC /* Products */;
			projectDirPath = "";
			projectRoot = "";
			targets = (
				48D0A9472B5DC86800E002FC /* swiftystuff */,
			);
		};
/* End PBXProject section */

/* Begin PBXResourcesBuildPhase section */
		48D0A9462B5DC86800E002FC /* Resources */ = {
			isa = PBXResourcesBuildPhase;
			buildActionMask = 2147483647;
			files = (
				481100D22BD86A2C00AF45D4 /* movies_gradient_blur.gif in Resources */,
				48D0A9532B5DC86A00E002FC /* Preview Assets.xcassets in Resources */,
				48D1867B2BE6C02D000A70AD /* tab_bar.gif in Resources */,
				48D0A9502B5DC86A00E002FC /* Assets.xcassets in Resources */,
				481100D32BD86A2C00AF45D4 /* vertical_scroll.gif in Resources */,
				481100D42BD86A2C00AF45D4 /* alert_modal.gif in Resources */,
			);
			runOnlyForDeploymentPostprocessing = 0;
		};
/* End PBXResourcesBuildPhase section */

/* Begin PBXSourcesBuildPhase section */
		48D0A9442B5DC86800E002FC /* Sources */ = {
			isa = PBXSourcesBuildPhase;
			buildActionMask = 2147483647;
			files = (
				480376802BD5982F0051ABA8 /* TabBarView.swift in Sources */,
				4803766E2BD401BD0051ABA8 /* WordDetailsView.swift in Sources */,
				480376762BD40C520051ABA8 /* ModalContentView.swift in Sources */,
				48D186752BE68342000A70AD /* TabButtonLabelsView.swift in Sources */,
				48D0A94E2B5DC86800E002FC /* ContentView.swift in Sources */,
				48D0A97F2B5DCC5E00E002FC /* MovieDetailsView.swift in Sources */,
				48D186772BE6B1E4000A70AD /* TabBar.swift in Sources */,
				4803766A2BD3FE390051ABA8 /* VerticalScrollingView.swift in Sources */,
				485E3C762BDDB31C00997A56 /* TabButtonStyle.swift in Sources */,
				480376722BD4079F0051ABA8 /* AlertManager.swift in Sources */,
				48D0A97B2B5DCAE800E002FC /* MovieCardView.swift in Sources */,
				480376742BD40B070051ABA8 /* AlertModalView.swift in Sources */,
				48D0A9772B5DC9F800E002FC /* GradientBlurView.swift in Sources */,
				4803767C2BD47C700051ABA8 /* AlertModal.swift in Sources */,
				48D0A94C2B5DC86800E002FC /* swiftystuffApp.swift in Sources */,
				48D186732BE67DB4000A70AD /* TabScrollContentView.swift in Sources */,
				48D0A9812B5DCD7C00E002FC /* DetailsButton.swift in Sources */,
				4803767A2BD441570051ABA8 /* AlertModalWrapper.swift in Sources */,
				485E3C742BDDB21900997A56 /* TabItemModel.swift in Sources */,
				48D0A97D2B5DCBF500E002FC /* ProfileView.swift in Sources */,
				48D0A9792B5DCA1800E002FC /* Model.swift in Sources */,
				48D186792BE6B9AD000A70AD /* Tabs.swift in Sources */,
				4803766C2BD4001E0051ABA8 /* WordModel.swift in Sources */,
			);
			runOnlyForDeploymentPostprocessing = 0;
		};
/* End PBXSourcesBuildPhase section */

/* Begin XCBuildConfiguration section */
		48D0A96A2B5DC86A00E002FC /* Debug */ = {
			isa = XCBuildConfiguration;
			buildSettings = {
				ALWAYS_SEARCH_USER_PATHS = NO;
				ASSETCATALOG_COMPILER_GENERATE_SWIFT_ASSET_SYMBOL_EXTENSIONS = YES;
				CLANG_ANALYZER_NONNULL = YES;
				CLANG_ANALYZER_NUMBER_OBJECT_CONVERSION = YES_AGGRESSIVE;
				CLANG_CXX_LANGUAGE_STANDARD = "gnu++20";
				CLANG_ENABLE_MODULES = YES;
				CLANG_ENABLE_OBJC_ARC = YES;
				CLANG_ENABLE_OBJC_WEAK = YES;
				CLANG_WARN_BLOCK_CAPTURE_AUTORELEASING = YES;
				CLANG_WARN_BOOL_CONVERSION = YES;
				CLANG_WARN_COMMA = YES;
				CLANG_WARN_CONSTANT_CONVERSION = YES;
				CLANG_WARN_DEPRECATED_OBJC_IMPLEMENTATIONS = YES;
				CLANG_WARN_DIRECT_OBJC_ISA_USAGE = YES_ERROR;
				CLANG_WARN_DOCUMENTATION_COMMENTS = YES;
				CLANG_WARN_EMPTY_BODY = YES;
				CLANG_WARN_ENUM_CONVERSION = YES;
				CLANG_WARN_INFINITE_RECURSION = YES;
				CLANG_WARN_INT_CONVERSION = YES;
				CLANG_WARN_NON_LITERAL_NULL_CONVERSION = YES;
				CLANG_WARN_OBJC_IMPLICIT_RETAIN_SELF = YES;
				CLANG_WARN_OBJC_LITERAL_CONVERSION = YES;
				CLANG_WARN_OBJC_ROOT_CLASS = YES_ERROR;
				CLANG_WARN_QUOTED_INCLUDE_IN_FRAMEWORK_HEADER = YES;
				CLANG_WARN_RANGE_LOOP_ANALYSIS = YES;
				CLANG_WARN_STRICT_PROTOTYPES = YES;
				CLANG_WARN_SUSPICIOUS_MOVE = YES;
				CLANG_WARN_UNGUARDED_AVAILABILITY = YES_AGGRESSIVE;
				CLANG_WARN_UNREACHABLE_CODE = YES;
				CLANG_WARN__DUPLICATE_METHOD_MATCH = YES;
				COPY_PHASE_STRIP = NO;
				DEBUG_INFORMATION_FORMAT = dwarf;
				ENABLE_STRICT_OBJC_MSGSEND = YES;
				ENABLE_TESTABILITY = YES;
				ENABLE_USER_SCRIPT_SANDBOXING = YES;
				GCC_C_LANGUAGE_STANDARD = gnu17;
				GCC_DYNAMIC_NO_PIC = NO;
				GCC_NO_COMMON_BLOCKS = YES;
				GCC_OPTIMIZATION_LEVEL = 0;
				GCC_PREPROCESSOR_DEFINITIONS = (
					"DEBUG=1",
					"$(inherited)",
				);
				GCC_WARN_64_TO_32_BIT_CONVERSION = YES;
				GCC_WARN_ABOUT_RETURN_TYPE = YES_ERROR;
				GCC_WARN_UNDECLARED_SELECTOR = YES;
				GCC_WARN_UNINITIALIZED_AUTOS = YES_AGGRESSIVE;
				GCC_WARN_UNUSED_FUNCTION = YES;
				GCC_WARN_UNUSED_VARIABLE = YES;
				IPHONEOS_DEPLOYMENT_TARGET = 17.0;
				LOCALIZATION_PREFERS_STRING_CATALOGS = YES;
				MTL_ENABLE_DEBUG_INFO = INCLUDE_SOURCE;
				MTL_FAST_MATH = YES;
				ONLY_ACTIVE_ARCH = YES;
				SDKROOT = iphoneos;
				SWIFT_ACTIVE_COMPILATION_CONDITIONS = "DEBUG $(inherited)";
				SWIFT_OPTIMIZATION_LEVEL = "-Onone";
			};
			name = Debug;
		};
		48D0A96B2B5DC86A00E002FC /* Release */ = {
			isa = XCBuildConfiguration;
			buildSettings = {
				ALWAYS_SEARCH_USER_PATHS = NO;
				ASSETCATALOG_COMPILER_GENERATE_SWIFT_ASSET_SYMBOL_EXTENSIONS = YES;
				CLANG_ANALYZER_NONNULL = YES;
				CLANG_ANALYZER_NUMBER_OBJECT_CONVERSION = YES_AGGRESSIVE;
				CLANG_CXX_LANGUAGE_STANDARD = "gnu++20";
				CLANG_ENABLE_MODULES = YES;
				CLANG_ENABLE_OBJC_ARC = YES;
				CLANG_ENABLE_OBJC_WEAK = YES;
				CLANG_WARN_BLOCK_CAPTURE_AUTORELEASING = YES;
				CLANG_WARN_BOOL_CONVERSION = YES;
				CLANG_WARN_COMMA = YES;
				CLANG_WARN_CONSTANT_CONVERSION = YES;
				CLANG_WARN_DEPRECATED_OBJC_IMPLEMENTATIONS = YES;
				CLANG_WARN_DIRECT_OBJC_ISA_USAGE = YES_ERROR;
				CLANG_WARN_DOCUMENTATION_COMMENTS = YES;
				CLANG_WARN_EMPTY_BODY = YES;
				CLANG_WARN_ENUM_CONVERSION = YES;
				CLANG_WARN_INFINITE_RECURSION = YES;
				CLANG_WARN_INT_CONVERSION = YES;
				CLANG_WARN_NON_LITERAL_NULL_CONVERSION = YES;
				CLANG_WARN_OBJC_IMPLICIT_RETAIN_SELF = YES;
				CLANG_WARN_OBJC_LITERAL_CONVERSION = YES;
				CLANG_WARN_OBJC_ROOT_CLASS = YES_ERROR;
				CLANG_WARN_QUOTED_INCLUDE_IN_FRAMEWORK_HEADER = YES;
				CLANG_WARN_RANGE_LOOP_ANALYSIS = YES;
				CLANG_WARN_STRICT_PROTOTYPES = YES;
				CLANG_WARN_SUSPICIOUS_MOVE = YES;
				CLANG_WARN_UNGUARDED_AVAILABILITY = YES_AGGRESSIVE;
				CLANG_WARN_UNREACHABLE_CODE = YES;
				CLANG_WARN__DUPLICATE_METHOD_MATCH = YES;
				COPY_PHASE_STRIP = NO;
				DEBUG_INFORMATION_FORMAT = "dwarf-with-dsym";
				ENABLE_NS_ASSERTIONS = NO;
				ENABLE_STRICT_OBJC_MSGSEND = YES;
				ENABLE_USER_SCRIPT_SANDBOXING = YES;
				GCC_C_LANGUAGE_STANDARD = gnu17;
				GCC_NO_COMMON_BLOCKS = YES;
				GCC_WARN_64_TO_32_BIT_CONVERSION = YES;
				GCC_WARN_ABOUT_RETURN_TYPE = YES_ERROR;
				GCC_WARN_UNDECLARED_SELECTOR = YES;
				GCC_WARN_UNINITIALIZED_AUTOS = YES_AGGRESSIVE;
				GCC_WARN_UNUSED_FUNCTION = YES;
				GCC_WARN_UNUSED_VARIABLE = YES;
				IPHONEOS_DEPLOYMENT_TARGET = 17.0;
				LOCALIZATION_PREFERS_STRING_CATALOGS = YES;
				MTL_ENABLE_DEBUG_INFO = NO;
				MTL_FAST_MATH = YES;
				SDKROOT = iphoneos;
				SWIFT_COMPILATION_MODE = wholemodule;
				VALIDATE_PRODUCT = YES;
			};
			name = Release;
		};
		48D0A96D2B5DC86A00E002FC /* Debug */ = {
			isa = XCBuildConfiguration;
			buildSettings = {
				ASSETCATALOG_COMPILER_APPICON_NAME = AppIcon;
				ASSETCATALOG_COMPILER_GLOBAL_ACCENT_COLOR_NAME = AccentColor;
				CODE_SIGN_STYLE = Automatic;
				CURRENT_PROJECT_VERSION = 1;
				DEVELOPMENT_ASSET_PATHS = "\"swiftystuff/Preview Content\"";
				DEVELOPMENT_TEAM = "";
				ENABLE_PREVIEWS = YES;
				GENERATE_INFOPLIST_FILE = YES;
				INFOPLIST_KEY_UIApplicationSceneManifest_Generation = YES;
				INFOPLIST_KEY_UIApplicationSupportsIndirectInputEvents = YES;
				INFOPLIST_KEY_UILaunchScreen_Generation = YES;
				INFOPLIST_KEY_UISupportedInterfaceOrientations_iPad = "UIInterfaceOrientationPortrait UIInterfaceOrientationPortraitUpsideDown UIInterfaceOrientationLandscapeLeft UIInterfaceOrientationLandscapeRight";
				INFOPLIST_KEY_UISupportedInterfaceOrientations_iPhone = "UIInterfaceOrientationPortrait UIInterfaceOrientationLandscapeLeft UIInterfaceOrientationLandscapeRight";
				LD_RUNPATH_SEARCH_PATHS = (
					"$(inherited)",
					"@executable_path/Frameworks",
				);
				MARKETING_VERSION = 1.0;
				PRODUCT_BUNDLE_IDENTIFIER = com.pentagonlabs.swiftystuff;
				PRODUCT_NAME = "$(TARGET_NAME)";
				SWIFT_EMIT_LOC_STRINGS = YES;
				SWIFT_VERSION = 5.0;
				TARGETED_DEVICE_FAMILY = "1,2";
			};
			name = Debug;
		};
		48D0A96E2B5DC86A00E002FC /* Release */ = {
			isa = XCBuildConfiguration;
			buildSettings = {
				ASSETCATALOG_COMPILER_APPICON_NAME = AppIcon;
				ASSETCATALOG_COMPILER_GLOBAL_ACCENT_COLOR_NAME = AccentColor;
				CODE_SIGN_STYLE = Automatic;
				CURRENT_PROJECT_VERSION = 1;
				DEVELOPMENT_ASSET_PATHS = "\"swiftystuff/Preview Content\"";
				DEVELOPMENT_TEAM = "";
				ENABLE_PREVIEWS = YES;
				GENERATE_INFOPLIST_FILE = YES;
				INFOPLIST_KEY_UIApplicationSceneManifest_Generation = YES;
				INFOPLIST_KEY_UIApplicationSupportsIndirectInputEvents = YES;
				INFOPLIST_KEY_UILaunchScreen_Generation = YES;
				INFOPLIST_KEY_UISupportedInterfaceOrientations_iPad = "UIInterfaceOrientationPortrait UIInterfaceOrientationPortraitUpsideDown UIInterfaceOrientationLandscapeLeft UIInterfaceOrientationLandscapeRight";
				INFOPLIST_KEY_UISupportedInterfaceOrientations_iPhone = "UIInterfaceOrientationPortrait UIInterfaceOrientationLandscapeLeft UIInterfaceOrientationLandscapeRight";
				LD_RUNPATH_SEARCH_PATHS = (
					"$(inherited)",
					"@executable_path/Frameworks",
				);
				MARKETING_VERSION = 1.0;
				PRODUCT_BUNDLE_IDENTIFIER = com.pentagonlabs.swiftystuff;
				PRODUCT_NAME = "$(TARGET_NAME)";
				SWIFT_EMIT_LOC_STRINGS = YES;
				SWIFT_VERSION = 5.0;
				TARGETED_DEVICE_FAMILY = "1,2";
			};
			name = Release;
		};
/* End XCBuildConfiguration section */

/* Begin XCConfigurationList section */
		48D0A9432B5DC86800E002FC /* Build configuration list for PBXProject "swiftystuff" */ = {
			isa = XCConfigurationList;
			buildConfigurations = (
				48D0A96A2B5DC86A00E002FC /* Debug */,
				48D0A96B2B5DC86A00E002FC /* Release */,
			);
			defaultConfigurationIsVisible = 0;
			defaultConfigurationName = Release;
		};
		48D0A96C2B5DC86A00E002FC /* Build configuration list for PBXNativeTarget "swiftystuff" */ = {
			isa = XCConfigurationList;
			buildConfigurations = (
				48D0A96D2B5DC86A00E002FC /* Debug */,
				48D0A96E2B5DC86A00E002FC /* Release */,
			);
			defaultConfigurationIsVisible = 0;
			defaultConfigurationName = Release;
		};
/* End XCConfigurationList section */
	};
	rootObject = 48D0A9402B5DC86800E002FC /* Project object */;
}
